
Microsoft Visual Studio Solution File, Format Version 12.00
# Visual Studio 2012
Project("{FAE04EC0-301F-11D3-BF4B-00C04F79EFBC}") = "EasyArchitecture", "src\EasyArchitecture\EasyArchitecture.csproj", "{09A7AA21-ED65-409C-8442-E0ADA02A7AAF}"
EndProject
Project("{2150E333-8FDC-42A3-9474-1A3956D46DE8}") = "Tests", "Tests", "{8B654DAA-B565-4267-B9E8-7A97944DF48A}"
EndProject
Project("{FAE04EC0-301F-11D3-BF4B-00C04F79EFBC}") = "EasyArchitecture.Tests", "tests\EasyArchitecture.Tests\EasyArchitecture.Tests.csproj", "{56157217-6DCD-4B47-8FBA-82C9C1E6E600}"
EndProject
Project("{FAE04EC0-301F-11D3-BF4B-00C04F79EFBC}") = "EasyArchitecture.Plugins.BuiltIn.Tests", "tests\EasyArchitecture.Plugins.BuiltIn.Tests\EasyArchitecture.Plugins.BuiltIn.Tests.csproj", "{47D78380-B8D5-47E8-8B8D-B865164BC08A}"
EndProject
Project("{2150E333-8FDC-42A3-9474-1A3956D46DE8}") = "Plugins", "Plugins", "{A20584F5-1CEB-4614-857C-AED4CA6989F2}"
EndProject
Project("{2150E333-8FDC-42A3-9474-1A3956D46DE8}") = ".nuget", ".nuget", "{FFCF8227-77D0-4549-841F-05B67AC5556A}"
	ProjectSection(SolutionItems) = preProject
		.nuget\NuGet.Config = .nuget\NuGet.Config
		.nuget\NuGet.exe = .nuget\NuGet.exe
		.nuget\NuGet.targets = .nuget\NuGet.targets
	EndProjectSection
EndProject
Project("{FAE04EC0-301F-11D3-BF4B-00C04F79EFBC}") = "EasyArchitecture.Plugins.AutoMapper", "src\EasyArchitecture.Plugins.AutoMapper\EasyArchitecture.Plugins.AutoMapper.csproj", "{46C70FC2-29AC-4F11-AC70-CC3D066C90ED}"
EndProject
Project("{FAE04EC0-301F-11D3-BF4B-00C04F79EFBC}") = "EasyArchitecture.Plugins.log4net", "src\EasyArchitecture.Plugins.log4net\EasyArchitecture.Plugins.log4net.csproj", "{13B2D49C-45D2-43AD-99A3-FF1F66AEAA3F}"
EndProject
Project("{FAE04EC0-301F-11D3-BF4B-00C04F79EFBC}") = "EasyArchitecture.Plugins.NHibernate", "src\EasyArchitecture.Plugins.NHibernate\EasyArchitecture.Plugins.NHibernate.csproj", "{2A920002-A724-469C-9330-57482D1A01F3}"
EndProject
Project("{FAE04EC0-301F-11D3-BF4B-00C04F79EFBC}") = "EasyArchitecture.Plugins.AutoMapper.Tests", "tests\EasyArchitecture.Plugins.AutoMapper.Tests\EasyArchitecture.Plugins.AutoMapper.Tests.csproj", "{04D4FAD0-A63C-4B7B-9E41-1476C4A6562B}"
EndProject
Project("{FAE04EC0-301F-11D3-BF4B-00C04F79EFBC}") = "EasyArchitecture.Plugins.NHibernate.Tests", "tests\EasyArchitecture.Plugins.NHibernate.Tests\EasyArchitecture.Plugins.NHibernate.Tests.csproj", "{B278CC3B-1B74-4702-81BD-AAD0691E7521}"
EndProject
Project("{FAE04EC0-301F-11D3-BF4B-00C04F79EFBC}") = "EasyArchitecture.Plugins.EntityFramework.Tests", "tests\EasyArchitecture.Plugins.EntityFramework.Tests\EasyArchitecture.Plugins.EntityFramework.Tests.csproj", "{44B5EF47-E1CE-4D97-A368-330DFF434E5F}"
EndProject
Project("{FAE04EC0-301F-11D3-BF4B-00C04F79EFBC}") = "EasyArchitecture.Plugins.log4net.Tests", "tests\EasyArchitecture.Plugins.log4net.Tests\EasyArchitecture.Plugins.log4net.Tests.csproj", "{C17C18E1-CD87-47F9-BEA9-C086F3E44B95}"
EndProject
Project("{FAE04EC0-301F-11D3-BF4B-00C04F79EFBC}") = "EasyArchitecture.Plugins.EntityFramework", "src\EasyArchitecture.Plugins.EntityFramework\EasyArchitecture.Plugins.EntityFramework.csproj", "{3ACCD6FE-781F-46C6-888C-F00FBA6BD591}"
EndProject
Project("{FAE04EC0-301F-11D3-BF4B-00C04F79EFBC}") = "EasyArchitecture.Plugins.Tests", "tests\EasyArchitecture.Plugins.Tests\EasyArchitecture.Plugins.Tests.csproj", "{0658FF22-FD01-489F-B3E5-8C215FBCC276}"
EndProject
Project("{FAE04EC0-301F-11D3-BF4B-00C04F79EFBC}") = "EasyArchitecture.Plugins.Azure", "src\EasyArchitecture.Plugins.Azure\EasyArchitecture.Plugins.Azure.csproj", "{C2548051-16BA-418D-981E-82B2DEB40F4B}"
EndProject
Project("{FAE04EC0-301F-11D3-BF4B-00C04F79EFBC}") = "EasyArchitecture.Plugins.Azure.Tests", "tests\EasyArchitecture.Plugins.Azure.Tests\EasyArchitecture.Plugins.Azure.Tests.csproj", "{31325DD6-568B-499C-9217-425CDEED9B50}"
EndProject
Global
	GlobalSection(SolutionConfigurationPlatforms) = preSolution
		Debug|Any CPU = Debug|Any CPU
		Release|Any CPU = Release|Any CPU
	EndGlobalSection
	GlobalSection(ProjectConfigurationPlatforms) = postSolution
		{09A7AA21-ED65-409C-8442-E0ADA02A7AAF}.Debug|Any CPU.ActiveCfg = Debug|Any CPU
		{09A7AA21-ED65-409C-8442-E0ADA02A7AAF}.Debug|Any CPU.Build.0 = Debug|Any CPU
		{09A7AA21-ED65-409C-8442-E0ADA02A7AAF}.Release|Any CPU.ActiveCfg = Release|Any CPU
		{09A7AA21-ED65-409C-8442-E0ADA02A7AAF}.Release|Any CPU.Build.0 = Release|Any CPU
		{56157217-6DCD-4B47-8FBA-82C9C1E6E600}.Debug|Any CPU.ActiveCfg = Debug|Any CPU
		{56157217-6DCD-4B47-8FBA-82C9C1E6E600}.Debug|Any CPU.Build.0 = Debug|Any CPU
		{56157217-6DCD-4B47-8FBA-82C9C1E6E600}.Release|Any CPU.ActiveCfg = Release|Any CPU
		{56157217-6DCD-4B47-8FBA-82C9C1E6E600}.Release|Any CPU.Build.0 = Release|Any CPU
		{47D78380-B8D5-47E8-8B8D-B865164BC08A}.Debug|Any CPU.ActiveCfg = Debug|Any CPU
		{47D78380-B8D5-47E8-8B8D-B865164BC08A}.Debug|Any CPU.Build.0 = Debug|Any CPU
		{47D78380-B8D5-47E8-8B8D-B865164BC08A}.Release|Any CPU.ActiveCfg = Release|Any CPU
		{47D78380-B8D5-47E8-8B8D-B865164BC08A}.Release|Any CPU.Build.0 = Release|Any CPU
		{46C70FC2-29AC-4F11-AC70-CC3D066C90ED}.Debug|Any CPU.ActiveCfg = Debug|Any CPU
		{46C70FC2-29AC-4F11-AC70-CC3D066C90ED}.Debug|Any CPU.Build.0 = Debug|Any CPU
		{46C70FC2-29AC-4F11-AC70-CC3D066C90ED}.Release|Any CPU.ActiveCfg = Release|Any CPU
		{46C70FC2-29AC-4F11-AC70-CC3D066C90ED}.Release|Any CPU.Build.0 = Release|Any CPU
		{13B2D49C-45D2-43AD-99A3-FF1F66AEAA3F}.Debug|Any CPU.ActiveCfg = Debug|Any CPU
		{13B2D49C-45D2-43AD-99A3-FF1F66AEAA3F}.Debug|Any CPU.Build.0 = Debug|Any CPU
		{13B2D49C-45D2-43AD-99A3-FF1F66AEAA3F}.Release|Any CPU.ActiveCfg = Release|Any CPU
		{13B2D49C-45D2-43AD-99A3-FF1F66AEAA3F}.Release|Any CPU.Build.0 = Release|Any CPU
		{2A920002-A724-469C-9330-57482D1A01F3}.Debug|Any CPU.ActiveCfg = Debug|Any CPU
		{2A920002-A724-469C-9330-57482D1A01F3}.Debug|Any CPU.Build.0 = Debug|Any CPU
		{2A920002-A724-469C-9330-57482D1A01F3}.Release|Any CPU.ActiveCfg = Release|Any CPU
		{2A920002-A724-469C-9330-57482D1A01F3}.Release|Any CPU.Build.0 = Release|Any CPU
		{04D4FAD0-A63C-4B7B-9E41-1476C4A6562B}.Debug|Any CPU.ActiveCfg = Debug|Any CPU
		{04D4FAD0-A63C-4B7B-9E41-1476C4A6562B}.Debug|Any CPU.Build.0 = Debug|Any CPU
		{04D4FAD0-A63C-4B7B-9E41-1476C4A6562B}.Release|Any CPU.ActiveCfg = Release|Any CPU
		{04D4FAD0-A63C-4B7B-9E41-1476C4A6562B}.Release|Any CPU.Build.0 = Release|Any CPU
		{B278CC3B-1B74-4702-81BD-AAD0691E7521}.Debug|Any CPU.ActiveCfg = Debug|Any CPU
		{B278CC3B-1B74-4702-81BD-AAD0691E7521}.Debug|Any CPU.Build.0 = Debug|Any CPU
		{B278CC3B-1B74-4702-81BD-AAD0691E7521}.Release|Any CPU.ActiveCfg = Release|Any CPU
		{B278CC3B-1B74-4702-81BD-AAD0691E7521}.Release|Any CPU.Build.0 = Release|Any CPU
		{44B5EF47-E1CE-4D97-A368-330DFF434E5F}.Debug|Any CPU.ActiveCfg = Debug|Any CPU
		{44B5EF47-E1CE-4D97-A368-330DFF434E5F}.Debug|Any CPU.Build.0 = Debug|Any CPU
		{44B5EF47-E1CE-4D97-A368-330DFF434E5F}.Release|Any CPU.ActiveCfg = Release|Any CPU
		{44B5EF47-E1CE-4D97-A368-330DFF434E5F}.Release|Any CPU.Build.0 = Release|Any CPU
		{C17C18E1-CD87-47F9-BEA9-C086F3E44B95}.Debug|Any CPU.ActiveCfg = Debug|Any CPU
		{C17C18E1-CD87-47F9-BEA9-C086F3E44B95}.Debug|Any CPU.Build.0 = Debug|Any CPU
		{C17C18E1-CD87-47F9-BEA9-C086F3E44B95}.Release|Any CPU.ActiveCfg = Release|Any CPU
		{C17C18E1-CD87-47F9-BEA9-C086F3E44B95}.Release|Any CPU.Build.0 = Release|Any CPU
		{3ACCD6FE-781F-46C6-888C-F00FBA6BD591}.Debug|Any CPU.ActiveCfg = Debug|Any CPU
		{3ACCD6FE-781F-46C6-888C-F00FBA6BD591}.Debug|Any CPU.Build.0 = Debug|Any CPU
		{3ACCD6FE-781F-46C6-888C-F00FBA6BD591}.Release|Any CPU.ActiveCfg = Release|Any CPU
		{3ACCD6FE-781F-46C6-888C-F00FBA6BD591}.Release|Any CPU.Build.0 = Release|Any CPU
		{0658FF22-FD01-489F-B3E5-8C215FBCC276}.Debug|Any CPU.ActiveCfg = Debug|Any CPU
		{0658FF22-FD01-489F-B3E5-8C215FBCC276}.Debug|Any CPU.Build.0 = Debug|Any CPU
		{0658FF22-FD01-489F-B3E5-8C215FBCC276}.Release|Any CPU.ActiveCfg = Release|Any CPU
		{0658FF22-FD01-489F-B3E5-8C215FBCC276}.Release|Any CPU.Build.0 = Release|Any CPU
		{C2548051-16BA-418D-981E-82B2DEB40F4B}.Debug|Any CPU.ActiveCfg = Debug|Any CPU
		{C2548051-16BA-418D-981E-82B2DEB40F4B}.Debug|Any CPU.Build.0 = Debug|Any CPU
		{C2548051-16BA-418D-981E-82B2DEB40F4B}.Release|Any CPU.ActiveCfg = Release|Any CPU
		{C2548051-16BA-418D-981E-82B2DEB40F4B}.Release|Any CPU.Build.0 = Release|Any CPU
		{31325DD6-568B-499C-9217-425CDEED9B50}.Debug|Any CPU.ActiveCfg = Debug|Any CPU
		{31325DD6-568B-499C-9217-425CDEED9B50}.Debug|Any CPU.Build.0 = Debug|Any CPU
		{31325DD6-568B-499C-9217-425CDEED9B50}.Release|Any CPU.ActiveCfg = Release|Any CPU
		{31325DD6-568B-499C-9217-425CDEED9B50}.Release|Any CPU.Build.0 = Release|Any CPU
	EndGlobalSection
	GlobalSection(SolutionProperties) = preSolution
		HideSolutionNode = FALSE
	EndGlobalSection
	GlobalSection(NestedProjects) = preSolution
		{56157217-6DCD-4B47-8FBA-82C9C1E6E600} = {8B654DAA-B565-4267-B9E8-7A97944DF48A}
		{47D78380-B8D5-47E8-8B8D-B865164BC08A} = {8B654DAA-B565-4267-B9E8-7A97944DF48A}
		{04D4FAD0-A63C-4B7B-9E41-1476C4A6562B} = {8B654DAA-B565-4267-B9E8-7A97944DF48A}
		{B278CC3B-1B74-4702-81BD-AAD0691E7521} = {8B654DAA-B565-4267-B9E8-7A97944DF48A}
		{44B5EF47-E1CE-4D97-A368-330DFF434E5F} = {8B654DAA-B565-4267-B9E8-7A97944DF48A}
		{C17C18E1-CD87-47F9-BEA9-C086F3E44B95} = {8B654DAA-B565-4267-B9E8-7A97944DF48A}
		{0658FF22-FD01-489F-B3E5-8C215FBCC276} = {8B654DAA-B565-4267-B9E8-7A97944DF48A}
		{31325DD6-568B-499C-9217-425CDEED9B50} = {8B654DAA-B565-4267-B9E8-7A97944DF48A}
		{46C70FC2-29AC-4F11-AC70-CC3D066C90ED} = {A20584F5-1CEB-4614-857C-AED4CA6989F2}
		{13B2D49C-45D2-43AD-99A3-FF1F66AEAA3F} = {A20584F5-1CEB-4614-857C-AED4CA6989F2}
		{2A920002-A724-469C-9330-57482D1A01F3} = {A20584F5-1CEB-4614-857C-AED4CA6989F2}
		{3ACCD6FE-781F-46C6-888C-F00FBA6BD591} = {A20584F5-1CEB-4614-857C-AED4CA6989F2}
		{C2548051-16BA-418D-981E-82B2DEB40F4B} = {A20584F5-1CEB-4614-857C-AED4CA6989F2}
	EndGlobalSection
	GlobalSection(ExtensibilityGlobals) = postSolution
		EnterpriseLibraryConfigurationToolBinariesPath = packages\Unity.2.1.505.0\lib\NET35;packages\Unity.Interception.2.1.505.0\lib\NET35;packages\Unity.2.1.505.2\lib\NET35;packages\Unity.Interception.2.1.505.2\lib\NET35
	EndGlobalSection
EndGlobal
