
Microsoft Visual Studio Solution File, Format Version 11.00
# Visual Studio 2010
Project("{FAE04EC0-301F-11D3-BF4B-00C04F79EFBC}") = "EasyArchitecture", "src\EasyArchitecture\EasyArchitecture.csproj", "{09A7AA21-ED65-409C-8442-E0ADA02A7AAF}"
EndProject
Project("{2150E333-8FDC-42A3-9474-1A3956D46DE8}") = "Tests", "Tests", "{8B654DAA-B565-4267-B9E8-7A97944DF48A}"
EndProject
Project("{FAE04EC0-301F-11D3-BF4B-00C04F79EFBC}") = "EasyArchitecture.Tests", "tests\EasyArchitecture.Tests\EasyArchitecture.Tests.csproj", "{56157217-6DCD-4B47-8FBA-82C9C1E6E600}"
EndProject
Project("{FAE04EC0-301F-11D3-BF4B-00C04F79EFBC}") = "EasyArchitecture.Plugins.Validation", "tests\EasyArchitecture.Plugins.Validation\EasyArchitecture.Plugins.Validation.csproj", "{0658FF22-FD01-489F-B3E5-8C215FBCC276}"
EndProject
Project("{FAE04EC0-301F-11D3-BF4B-00C04F79EFBC}") = "EasyArchitecture.Plugins.BuiltIn.Tests", "tests\EasyArchitecture.Plugins.BuiltIn.Tests\EasyArchitecture.Plugins.BuiltIn.Tests.csproj", "{47D78380-B8D5-47E8-8B8D-B865164BC08A}"
EndProject
Global
	GlobalSection(SolutionConfigurationPlatforms) = preSolution
		Debug|Any CPU = Debug|Any CPU
		Release|Any CPU = Release|Any CPU
	EndGlobalSection
	GlobalSection(ProjectConfigurationPlatforms) = postSolution
		{09A7AA21-ED65-409C-8442-E0ADA02A7AAF}.Debug|Any CPU.ActiveCfg = Debug|Any CPU
		{09A7AA21-ED65-409C-8442-E0ADA02A7AAF}.Debug|Any CPU.Build.0 = Debug|Any CPU
		{09A7AA21-ED65-409C-8442-E0ADA02A7AAF}.Release|Any CPU.ActiveCfg = Release|Any CPU
		{09A7AA21-ED65-409C-8442-E0ADA02A7AAF}.Release|Any CPU.Build.0 = Release|Any CPU
		{56157217-6DCD-4B47-8FBA-82C9C1E6E600}.Debug|Any CPU.ActiveCfg = Debug|Any CPU
		{56157217-6DCD-4B47-8FBA-82C9C1E6E600}.Debug|Any CPU.Build.0 = Debug|Any CPU
		{56157217-6DCD-4B47-8FBA-82C9C1E6E600}.Release|Any CPU.ActiveCfg = Release|Any CPU
		{56157217-6DCD-4B47-8FBA-82C9C1E6E600}.Release|Any CPU.Build.0 = Release|Any CPU
		{0658FF22-FD01-489F-B3E5-8C215FBCC276}.Debug|Any CPU.ActiveCfg = Debug|Any CPU
		{0658FF22-FD01-489F-B3E5-8C215FBCC276}.Debug|Any CPU.Build.0 = Debug|Any CPU
		{0658FF22-FD01-489F-B3E5-8C215FBCC276}.Release|Any CPU.ActiveCfg = Release|Any CPU
		{0658FF22-FD01-489F-B3E5-8C215FBCC276}.Release|Any CPU.Build.0 = Release|Any CPU
		{47D78380-B8D5-47E8-8B8D-B865164BC08A}.Debug|Any CPU.ActiveCfg = Debug|Any CPU
		{47D78380-B8D5-47E8-8B8D-B865164BC08A}.Debug|Any CPU.Build.0 = Debug|Any CPU
		{47D78380-B8D5-47E8-8B8D-B865164BC08A}.Release|Any CPU.ActiveCfg = Release|Any CPU
		{47D78380-B8D5-47E8-8B8D-B865164BC08A}.Release|Any CPU.Build.0 = Release|Any CPU
	EndGlobalSection
	GlobalSection(SolutionProperties) = preSolution
		HideSolutionNode = FALSE
	EndGlobalSection
	GlobalSection(NestedProjects) = preSolution
		{56157217-6DCD-4B47-8FBA-82C9C1E6E600} = {8B654DAA-B565-4267-B9E8-7A97944DF48A}
		{0658FF22-FD01-489F-B3E5-8C215FBCC276} = {8B654DAA-B565-4267-B9E8-7A97944DF48A}
		{47D78380-B8D5-47E8-8B8D-B865164BC08A} = {8B654DAA-B565-4267-B9E8-7A97944DF48A}
	EndGlobalSection
	GlobalSection(ExtensibilityGlobals) = postSolution
		EnterpriseLibraryConfigurationToolBinariesPath = packages\Unity.2.1.505.0\lib\NET35;packages\Unity.Interception.2.1.505.0\lib\NET35;packages\Unity.2.1.505.2\lib\NET35;packages\Unity.Interception.2.1.505.2\lib\NET35
	EndGlobalSection
EndGlobal
